
Microsoft Visual Studio Solution File, Format Version 12.00
# Visual Studio Version 17
VisualStudioVersion = 17.10.35122.118
MinimumVisualStudioVersion = 10.0.40219.1
Project("{FAE04EC0-301F-11D3-BF4B-00C04F79EFBC}") = "BigDate", "BigDate.csproj", "{02DB57BB-C6F1-4328-9094-C10BBF7C80CB}"
EndProject
Project("{FAE04EC0-301F-11D3-BF4B-00C04F79EFBC}") = "BigDate.Tests", "..\BigDate.Tests\BigDate.Tests.csproj", "{3E6B7E98-74E2-44BC-AE79-A85EA3394066}"
EndProject
Project("{FAE04EC0-301F-11D3-BF4B-00C04F79EFBC}") = "BigDate.Playground", "..\BigDate.Playground\BigDate.Playground.csproj", "{D42806B8-57A8-4344-A432-33703B14B3D6}"
EndProject
Global
	GlobalSection(SolutionConfigurationPlatforms) = preSolution
		Debug|Any CPU = Debug|Any CPU
		Release|Any CPU = Release|Any CPU
	EndGlobalSection
	GlobalSection(ProjectConfigurationPlatforms) = postSolution
		{02DB57BB-C6F1-4328-9094-C10BBF7C80CB}.Debug|Any CPU.ActiveCfg = Debug|Any CPU
		{02DB57BB-C6F1-4328-9094-C10BBF7C80CB}.Debug|Any CPU.Build.0 = Debug|Any CPU
		{02DB57BB-C6F1-4328-9094-C10BBF7C80CB}.Release|Any CPU.ActiveCfg = Release|Any CPU
		{02DB57BB-C6F1-4328-9094-C10BBF7C80CB}.Release|Any CPU.Build.0 = Release|Any CPU
		{3E6B7E98-74E2-44BC-AE79-A85EA3394066}.Debug|Any CPU.ActiveCfg = Debug|Any CPU
		{3E6B7E98-74E2-44BC-AE79-A85EA3394066}.Debug|Any CPU.Build.0 = Debug|Any CPU
		{3E6B7E98-74E2-44BC-AE79-A85EA3394066}.Release|Any CPU.ActiveCfg = Release|Any CPU
		{3E6B7E98-74E2-44BC-AE79-A85EA3394066}.Release|Any CPU.Build.0 = Release|Any CPU
		{D42806B8-57A8-4344-A432-33703B14B3D6}.Debug|Any CPU.ActiveCfg = Debug|Any CPU
		{D42806B8-57A8-4344-A432-33703B14B3D6}.Debug|Any CPU.Build.0 = Debug|Any CPU
		{D42806B8-57A8-4344-A432-33703B14B3D6}.Release|Any CPU.ActiveCfg = Release|Any CPU
		{D42806B8-57A8-4344-A432-33703B14B3D6}.Release|Any CPU.Build.0 = Release|Any CPU
	EndGlobalSection
	GlobalSection(SolutionProperties) = preSolution
		HideSolutionNode = FALSE
	EndGlobalSection
	GlobalSection(ExtensibilityGlobals) = postSolution
		SolutionGuid = {498AEFD9-5709-456B-A31B-B840C814DD5A}
	EndGlobalSection
EndGlobal
